
Microsoft Visual Studio Solution File, Format Version 12.00
# Visual Studio Version 17
VisualStudioVersion = 17.11.35222.181
MinimumVisualStudioVersion = 10.0.40219.1
Project("{FAE04EC0-301F-11D3-BF4B-00C04F79EFBC}") = "DataStructure1", "DataStructure1\DataStructure1.csproj", "{EBA4198F-33B7-4D05-806E-11CC25C890CD}"
EndProject
Global
	GlobalSection(SolutionConfigurationPlatforms) = preSolution
		Debug|Any CPU = Debug|Any CPU
		Release|Any CPU = Release|Any CPU
	EndGlobalSection
	GlobalSection(ProjectConfigurationPlatforms) = postSolution
		{EBA4198F-33B7-4D05-806E-11CC25C890CD}.Debug|Any CPU.ActiveCfg = Debug|Any CPU
		{EBA4198F-33B7-4D05-806E-11CC25C890CD}.Debug|Any CPU.Build.0 = Debug|Any CPU
		{EBA4198F-33B7-4D05-806E-11CC25C890CD}.Release|Any CPU.ActiveCfg = Release|Any CPU
		{EBA4198F-33B7-4D05-806E-11CC25C890CD}.Release|Any CPU.Build.0 = Release|Any CPU
	EndGlobalSection
	GlobalSection(SolutionProperties) = preSolution
		HideSolutionNode = FALSE
	EndGlobalSection
	GlobalSection(ExtensibilityGlobals) = postSolution
		SolutionGuid = {C834F2C1-3DCE-4626-81F4-D4ED1303416C}
	EndGlobalSection
EndGlobal
